
Microsoft Visual Studio Solution File, Format Version 12.00
# Visual Studio Version 17
VisualStudioVersion = 17.3.32825.248
MinimumVisualStudioVersion = 10.0.40219.1
Project("{FAE04EC0-301F-11D3-BF4B-00C04F79EFBC}") = "FiktivSkolaEF", "FiktivSkolaEF.csproj", "{30A45275-EDDD-48BD-9E16-72C8945D62D5}"
EndProject
Global
	GlobalSection(SolutionConfigurationPlatforms) = preSolution
		Debug|Any CPU = Debug|Any CPU
		Release|Any CPU = Release|Any CPU
	EndGlobalSection
	GlobalSection(ProjectConfigurationPlatforms) = postSolution
		{30A45275-EDDD-48BD-9E16-72C8945D62D5}.Debug|Any CPU.ActiveCfg = Debug|Any CPU
		{30A45275-EDDD-48BD-9E16-72C8945D62D5}.Debug|Any CPU.Build.0 = Debug|Any CPU
		{30A45275-EDDD-48BD-9E16-72C8945D62D5}.Release|Any CPU.ActiveCfg = Release|Any CPU
		{30A45275-EDDD-48BD-9E16-72C8945D62D5}.Release|Any CPU.Build.0 = Release|Any CPU
	EndGlobalSection
	GlobalSection(SolutionProperties) = preSolution
		HideSolutionNode = FALSE
	EndGlobalSection
	GlobalSection(ExtensibilityGlobals) = postSolution
		SolutionGuid = {81CDF143-72AC-4D70-83F7-53246FA03DF3}
	EndGlobalSection
EndGlobal
